
Microsoft Visual Studio Solution File, Format Version 12.00
# Visual Studio Version 16
VisualStudioVersion = 16.0.30621.155
MinimumVisualStudioVersion = 10.0.40219.1
Project("{FAE04EC0-301F-11D3-BF4B-00C04F79EFBC}") = "SampleWebAppKeerthuAzureProject", "SampleWebAppKeerthuAzureProject\SampleWebAppKeerthuAzureProject.csproj", "{0BC54E89-BFAA-4AD5-945D-B64F4948AC28}"
EndProject
Global
	GlobalSection(SolutionConfigurationPlatforms) = preSolution
		Debug|Any CPU = Debug|Any CPU
		Release|Any CPU = Release|Any CPU
	EndGlobalSection
	GlobalSection(ProjectConfigurationPlatforms) = postSolution
		{0BC54E89-BFAA-4AD5-945D-B64F4948AC28}.Debug|Any CPU.ActiveCfg = Debug|Any CPU
		{0BC54E89-BFAA-4AD5-945D-B64F4948AC28}.Debug|Any CPU.Build.0 = Debug|Any CPU
		{0BC54E89-BFAA-4AD5-945D-B64F4948AC28}.Release|Any CPU.ActiveCfg = Release|Any CPU
		{0BC54E89-BFAA-4AD5-945D-B64F4948AC28}.Release|Any CPU.Build.0 = Release|Any CPU
	EndGlobalSection
	GlobalSection(SolutionProperties) = preSolution
		HideSolutionNode = FALSE
	EndGlobalSection
	GlobalSection(ExtensibilityGlobals) = postSolution
		SolutionGuid = {E57911F7-4007-4CCC-B053-222063DEA00F}
	EndGlobalSection
EndGlobal
